<?xml version="1.0" encoding="utf-8"?>
<Project ToolsVersion="4.0" xmlns="http://schemas.microsoft.com/developer/msbuild/2003">
  <ItemGroup>
    <Filter Include="源文件">
      <UniqueIdentifier>{4FC737F1-C7A5-4376-A066-2A32D752A2FF}</UniqueIdentifier>
      <Extensions>cpp;c;cc;cxx;c++;cppm;ixx;def;odl;idl;hpj;bat;asm;asmx</Extensions>
    </Filter>
    <Filter Include="头文件">
      <UniqueIdentifier>{93995380-89BD-4b04-88EB-625FBE52EBFB}</UniqueIdentifier>
      <Extensions>h;hh;hpp;hxx;h++;hm;inl;inc;ipp;xsd</Extensions>
    </Filter>
    <Filter Include="资源文件">
      <UniqueIdentifier>{67DA6AB6-F800-4c08-8B7A-83BB121AAD01}</UniqueIdentifier>
      <Extensions>rc;ico;cur;bmp;dlg;rc2;rct;bin;rgs;gif;jpg;jpeg;jpe;resx;tiff;tif;png;wav;mfcribbon-ms</Extensions>
    </Filter>
    <Filter Include="common">
      <UniqueIdentifier>{40a9229f-3b28-4bcf-bae2-b9a7b10eda9c}</UniqueIdentifier>
    </Filter>
    <Filter Include="common\Sqlite3">
      <UniqueIdentifier>{1671cda5-438b-4013-88fa-f2fc801eabfd}</UniqueIdentifier>
    </Filter>
    <Filter Include="common\SQLiteCpp">
      <UniqueIdentifier>{d2201954-7ec4-4d62-8daa-790d6e446cb6}</UniqueIdentifier>
    </Filter>
  </ItemGroup>
  <ItemGroup>
    <ClInclude Include="PasswordManage.h">
      <Filter>头文件</Filter>
    </ClInclude>
    <ClInclude Include="framework.h">
      <Filter>头文件</Filter>
    </ClInclude>
    <ClInclude Include="targetver.h">
      <Filter>头文件</Filter>
    </ClInclude>
    <ClInclude Include="Resource.h">
      <Filter>头文件</Filter>
    </ClInclude>
    <ClInclude Include="pch.h">
      <Filter>头文件</Filter>
    </ClInclude>
    <ClInclude Include="common\Sqlite3\sqlite3.h">
      <Filter>common\Sqlite3</Filter>
    </ClInclude>
    <ClInclude Include="common\SQLiteCpp\Assertion.h">
      <Filter>common\SQLiteCpp</Filter>
    </ClInclude>
    <ClInclude Include="common\SQLiteCpp\Backup.h">
      <Filter>common\SQLiteCpp</Filter>
    </ClInclude>
    <ClInclude Include="common\SQLiteCpp\Column.h">
      <Filter>common\SQLiteCpp</Filter>
    </ClInclude>
    <ClInclude Include="common\SQLiteCpp\Database.h">
      <Filter>common\SQLiteCpp</Filter>
    </ClInclude>
    <ClInclude Include="common\SQLiteCpp\Exception.h">
      <Filter>common\SQLiteCpp</Filter>
    </ClInclude>
    <ClInclude Include="common\SQLiteCpp\ExecuteMany.h">
      <Filter>common\SQLiteCpp</Filter>
    </ClInclude>
    <ClInclude Include="common\SQLiteCpp\SQLiteCpp.h">
      <Filter>common\SQLiteCpp</Filter>
    </ClInclude>
    <ClInclude Include="common\SQLiteCpp\Statement.h">
      <Filter>common\SQLiteCpp</Filter>
    </ClInclude>
    <ClInclude Include="common\SQLiteCpp\Transaction.h">
      <Filter>common\SQLiteCpp</Filter>
    </ClInclude>
    <ClInclude Include="common\SQLiteCpp\Utils.h">
      <Filter>common\SQLiteCpp</Filter>
    </ClInclude>
    <ClInclude Include="common\SQLiteCpp\VariadicBind.h">
      <Filter>common\SQLiteCpp</Filter>
    </ClInclude>
    <ClInclude Include="SqliteDatabase.h">
      <Filter>头文件</Filter>
    </ClInclude>
    <ClInclude Include="CSetInfoDlg.h">
      <Filter>头文件</Filter>
    </ClInclude>
    <ClInclude Include="util.h">
      <Filter>头文件</Filter>
    </ClInclude>
    <ClInclude Include="CLoginDlg.h">
      <Filter>头文件</Filter>
    </ClInclude>
    <ClInclude Include="CPasswordView.h">
      <Filter>头文件</Filter>
    </ClInclude>
    <ClInclude Include="MainFrm.h">
      <Filter>头文件</Filter>
    </ClInclude>
    <ClInclude Include="PasswordManageDoc.h">
      <Filter>头文件</Filter>
    </ClInclude>
    <ClInclude Include="PasswordManageView.h">
      <Filter>头文件</Filter>
    </ClInclude>
    <ClInclude Include="ChildFrm.h">
      <Filter>头文件</Filter>
    </ClInclude>
  </ItemGroup>
  <ItemGroup>
    <ClCompile Include="PasswordManage.cpp">
      <Filter>源文件</Filter>
    </ClCompile>
    <ClCompile Include="pch.cpp">
      <Filter>源文件</Filter>
    </ClCompile>
    <ClCompile Include="common\Sqlite3\sqlite3.c">
      <Filter>common\Sqlite3</Filter>
    </ClCompile>
    <ClCompile Include="SqliteDatabase.cpp">
      <Filter>源文件</Filter>
    </ClCompile>
    <ClCompile Include="common\SQLiteCpp\src\Backup.cpp">
      <Filter>common\SQLiteCpp</Filter>
    </ClCompile>
    <ClCompile Include="common\SQLiteCpp\src\Column.cpp">
      <Filter>common\SQLiteCpp</Filter>
    </ClCompile>
    <ClCompile Include="common\SQLiteCpp\src\Database.cpp">
      <Filter>common\SQLiteCpp</Filter>
    </ClCompile>
    <ClCompile Include="common\SQLiteCpp\src\Exception.cpp">
      <Filter>common\SQLiteCpp</Filter>
    </ClCompile>
    <ClCompile Include="common\SQLiteCpp\src\Statement.cpp">
      <Filter>common\SQLiteCpp</Filter>
    </ClCompile>
    <ClCompile Include="common\SQLiteCpp\src\Transaction.cpp">
      <Filter>common\SQLiteCpp</Filter>
    </ClCompile>
    <ClCompile Include="CSetInfoDlg.cpp">
      <Filter>源文件</Filter>
    </ClCompile>
    <ClCompile Include="util.cpp">
      <Filter>源文件</Filter>
    </ClCompile>
    <ClCompile Include="CLoginDlg.cpp">
      <Filter>源文件</Filter>
    </ClCompile>
    <ClCompile Include="CPasswordView.cpp">
      <Filter>源文件</Filter>
    </ClCompile>
    <ClCompile Include="MainFrm.cpp">
      <Filter>源文件</Filter>
    </ClCompile>
    <ClCompile Include="PasswordManageDoc.cpp">
      <Filter>源文件</Filter>
    </ClCompile>
    <ClCompile Include="PasswordManageView.cpp">
      <Filter>源文件</Filter>
    </ClCompile>
    <ClCompile Include="ChildFrm.cpp">
      <Filter>源文件</Filter>
    </ClCompile>
  </ItemGroup>
  <ItemGroup>
    <ResourceCompile Include="PasswordManage.rc">
      <Filter>资源文件</Filter>
    </ResourceCompile>
  </ItemGroup>
  <ItemGroup>
    <None Include="res\PasswordManage.rc2">
      <Filter>资源文件</Filter>
    </None>
  </ItemGroup>
  <ItemGroup>
    <Image Include="res\PasswordManage.ico">
      <Filter>资源文件</Filter>
    </Image>
    <Image Include="res\Toolbar.bmp">
      <Filter>资源文件</Filter>
    </Image>
  </ItemGroup>
</Project>